{
  "originHash" : "e75fad4bcb98f82316fb95b18cf9ee56639e47143c955c82ccc9c4cc0e480a3a",
  "pins" : [
    {
      "identity" : "onnxruntime-swift-package-manager",
      "kind" : "remoteSourceControl",
      "location" : "https://github.com/microsoft/onnxruntime-swift-package-manager",
      "state" : {
        "revision" : "b7fb7f7dea8a2469e6335d95a61b8f36d0dc83b2",
        "version" : "1.24.2"
      }
    }
  ],
  "version" : 3
}
